
Microsoft Visual Studio Solution File, Format Version 12.00
# Visual Studio Version 17
VisualStudioVersion = 17.13.35825.156 d17.13
MinimumVisualStudioVersion = 10.0.40219.1
Project("{FAE04EC0-301F-11D3-BF4B-00C04F79EFBC}") = "IntroducaoEFCore", "IntroducaoEFCore\IntroducaoEFCore.csproj", "{4F15F18E-A5D4-4A5C-B118-AD2D353A126E}"
EndProject
Global
	GlobalSection(SolutionConfigurationPlatforms) = preSolution
		Debug|Any CPU = Debug|Any CPU
		Release|Any CPU = Release|Any CPU
	EndGlobalSection
	GlobalSection(ProjectConfigurationPlatforms) = postSolution
		{4F15F18E-A5D4-4A5C-B118-AD2D353A126E}.Debug|Any CPU.ActiveCfg = Debug|Any CPU
		{4F15F18E-A5D4-4A5C-B118-AD2D353A126E}.Debug|Any CPU.Build.0 = Debug|Any CPU
		{4F15F18E-A5D4-4A5C-B118-AD2D353A126E}.Release|Any CPU.ActiveCfg = Release|Any CPU
		{4F15F18E-A5D4-4A5C-B118-AD2D353A126E}.Release|Any CPU.Build.0 = Release|Any CPU
	EndGlobalSection
	GlobalSection(SolutionProperties) = preSolution
		HideSolutionNode = FALSE
	EndGlobalSection
	GlobalSection(ExtensibilityGlobals) = postSolution
		SolutionGuid = {62A243EC-EBFE-42D2-9532-3D0BA7B527C9}
	EndGlobalSection
EndGlobal
